
Microsoft Visual Studio Solution File, Format Version 12.00
# Visual Studio 2012
Project("{FAE04EC0-301F-11D3-BF4B-00C04F79EFBC}") = "FoodTruckClassLibrary", "FoodTruckClassLibrary\FoodTruckClassLibrary.csproj", "{B51D6ECA-E595-4F91-B995-7582A6394C6D}"
EndProject
Project("{FAE04EC0-301F-11D3-BF4B-00C04F79EFBC}") = "FoodTruckAndroid", "FoodTruckAndroid\FoodTruckAndroid.csproj", "{7D384B7D-FE67-438C-81D4-476ACF351268}"
EndProject
Project("{2150E333-8FDC-42A3-9474-1A3956D46DE8}") = "Solution Items", "Solution Items", "{4C0DD2E6-DAFA-446C-B3A3-CCE8692D109A}"
	ProjectSection(SolutionItems) = preProject
		DonBurritoSanchoPasta.sln = DonBurritoSanchoPasta.sln
	EndProjectSection
EndProject
Project("{FAE04EC0-301F-11D3-BF4B-00C04F79EFBC}") = "Library", "..\..\Users\Francisco\Downloads\ViewPagerIndicator\Library\Library.csproj", "{FA322A14-2B8E-4496-B950-4D8263CA0A2D}"
EndProject
Project("{FAE04EC0-301F-11D3-BF4B-00C04F79EFBC}") = "FoodTruckiOS", "FoodTruckiOS\FoodTruckiOS.csproj", "{83D79B64-49D8-49A1-A6EB-D903829F27CA}"
EndProject
Global
	GlobalSection(SolutionConfigurationPlatforms) = preSolution
		Debug|Any CPU = Debug|Any CPU
		Release|Any CPU = Release|Any CPU
		Debug|iPhoneSimulator = Debug|iPhoneSimulator
		Release|iPhoneSimulator = Release|iPhoneSimulator
		Debug|iPhone = Debug|iPhone
		Release|iPhone = Release|iPhone
		Ad-Hoc|iPhone = Ad-Hoc|iPhone
		AppStore|iPhone = AppStore|iPhone
	EndGlobalSection
	GlobalSection(ProjectConfigurationPlatforms) = postSolution
		{7D384B7D-FE67-438C-81D4-476ACF351268}.Ad-Hoc|iPhone.ActiveCfg = Debug|Any CPU
		{7D384B7D-FE67-438C-81D4-476ACF351268}.Ad-Hoc|iPhone.Build.0 = Debug|Any CPU
		{7D384B7D-FE67-438C-81D4-476ACF351268}.AppStore|iPhone.ActiveCfg = Debug|Any CPU
		{7D384B7D-FE67-438C-81D4-476ACF351268}.AppStore|iPhone.Build.0 = Debug|Any CPU
		{7D384B7D-FE67-438C-81D4-476ACF351268}.Debug|Any CPU.ActiveCfg = Debug|Any CPU
		{7D384B7D-FE67-438C-81D4-476ACF351268}.Debug|Any CPU.Build.0 = Debug|Any CPU
		{7D384B7D-FE67-438C-81D4-476ACF351268}.Debug|iPhone.ActiveCfg = Debug|Any CPU
		{7D384B7D-FE67-438C-81D4-476ACF351268}.Debug|iPhone.Build.0 = Debug|Any CPU
		{7D384B7D-FE67-438C-81D4-476ACF351268}.Debug|iPhoneSimulator.ActiveCfg = Debug|Any CPU
		{7D384B7D-FE67-438C-81D4-476ACF351268}.Debug|iPhoneSimulator.Build.0 = Debug|Any CPU
		{7D384B7D-FE67-438C-81D4-476ACF351268}.Release|Any CPU.ActiveCfg = Release|Any CPU
		{7D384B7D-FE67-438C-81D4-476ACF351268}.Release|Any CPU.Build.0 = Release|Any CPU
		{7D384B7D-FE67-438C-81D4-476ACF351268}.Release|iPhone.ActiveCfg = Release|Any CPU
		{7D384B7D-FE67-438C-81D4-476ACF351268}.Release|iPhone.Build.0 = Release|Any CPU
		{7D384B7D-FE67-438C-81D4-476ACF351268}.Release|iPhoneSimulator.ActiveCfg = Release|Any CPU
		{7D384B7D-FE67-438C-81D4-476ACF351268}.Release|iPhoneSimulator.Build.0 = Release|Any CPU
		{83D79B64-49D8-49A1-A6EB-D903829F27CA}.Ad-Hoc|iPhone.ActiveCfg = Ad-Hoc|iPhone
		{83D79B64-49D8-49A1-A6EB-D903829F27CA}.Ad-Hoc|iPhone.Build.0 = Ad-Hoc|iPhone
		{83D79B64-49D8-49A1-A6EB-D903829F27CA}.AppStore|iPhone.ActiveCfg = AppStore|iPhone
		{83D79B64-49D8-49A1-A6EB-D903829F27CA}.AppStore|iPhone.Build.0 = AppStore|iPhone
		{83D79B64-49D8-49A1-A6EB-D903829F27CA}.Debug|Any CPU.ActiveCfg = Debug|iPhoneSimulator
		{83D79B64-49D8-49A1-A6EB-D903829F27CA}.Debug|Any CPU.Build.0 = Debug|iPhoneSimulator
		{83D79B64-49D8-49A1-A6EB-D903829F27CA}.Debug|iPhone.ActiveCfg = Debug|iPhone
		{83D79B64-49D8-49A1-A6EB-D903829F27CA}.Debug|iPhone.Build.0 = Debug|iPhone
		{83D79B64-49D8-49A1-A6EB-D903829F27CA}.Debug|iPhoneSimulator.ActiveCfg = Debug|iPhoneSimulator
		{83D79B64-49D8-49A1-A6EB-D903829F27CA}.Debug|iPhoneSimulator.Build.0 = Debug|iPhoneSimulator
		{83D79B64-49D8-49A1-A6EB-D903829F27CA}.Release|Any CPU.ActiveCfg = Release|iPhoneSimulator
		{83D79B64-49D8-49A1-A6EB-D903829F27CA}.Release|Any CPU.Build.0 = Release|iPhoneSimulator
		{83D79B64-49D8-49A1-A6EB-D903829F27CA}.Release|iPhone.ActiveCfg = Release|iPhone
		{83D79B64-49D8-49A1-A6EB-D903829F27CA}.Release|iPhone.Build.0 = Release|iPhone
		{83D79B64-49D8-49A1-A6EB-D903829F27CA}.Release|iPhoneSimulator.ActiveCfg = Release|iPhoneSimulator
		{83D79B64-49D8-49A1-A6EB-D903829F27CA}.Release|iPhoneSimulator.Build.0 = Release|iPhoneSimulator
		{B51D6ECA-E595-4F91-B995-7582A6394C6D}.Ad-Hoc|iPhone.ActiveCfg = Debug|Any CPU
		{B51D6ECA-E595-4F91-B995-7582A6394C6D}.Ad-Hoc|iPhone.Build.0 = Debug|Any CPU
		{B51D6ECA-E595-4F91-B995-7582A6394C6D}.AppStore|iPhone.ActiveCfg = Debug|Any CPU
		{B51D6ECA-E595-4F91-B995-7582A6394C6D}.AppStore|iPhone.Build.0 = Debug|Any CPU
		{B51D6ECA-E595-4F91-B995-7582A6394C6D}.Debug|Any CPU.ActiveCfg = Debug|Any CPU
		{B51D6ECA-E595-4F91-B995-7582A6394C6D}.Debug|Any CPU.Build.0 = Debug|Any CPU
		{B51D6ECA-E595-4F91-B995-7582A6394C6D}.Debug|iPhone.ActiveCfg = Debug|Any CPU
		{B51D6ECA-E595-4F91-B995-7582A6394C6D}.Debug|iPhone.Build.0 = Debug|Any CPU
		{B51D6ECA-E595-4F91-B995-7582A6394C6D}.Debug|iPhoneSimulator.ActiveCfg = Debug|Any CPU
		{B51D6ECA-E595-4F91-B995-7582A6394C6D}.Debug|iPhoneSimulator.Build.0 = Debug|Any CPU
		{B51D6ECA-E595-4F91-B995-7582A6394C6D}.Release|Any CPU.ActiveCfg = Release|Any CPU
		{B51D6ECA-E595-4F91-B995-7582A6394C6D}.Release|Any CPU.Build.0 = Release|Any CPU
		{B51D6ECA-E595-4F91-B995-7582A6394C6D}.Release|iPhone.ActiveCfg = Release|Any CPU
		{B51D6ECA-E595-4F91-B995-7582A6394C6D}.Release|iPhone.Build.0 = Release|Any CPU
		{B51D6ECA-E595-4F91-B995-7582A6394C6D}.Release|iPhoneSimulator.ActiveCfg = Release|Any CPU
		{B51D6ECA-E595-4F91-B995-7582A6394C6D}.Release|iPhoneSimulator.Build.0 = Release|Any CPU
		{FA322A14-2B8E-4496-B950-4D8263CA0A2D}.Ad-Hoc|iPhone.ActiveCfg = Ad-Hoc|Any CPU
		{FA322A14-2B8E-4496-B950-4D8263CA0A2D}.AppStore|iPhone.ActiveCfg = AppStore|Any CPU
		{FA322A14-2B8E-4496-B950-4D8263CA0A2D}.Debug|Any CPU.ActiveCfg = Debug|Any CPU
		{FA322A14-2B8E-4496-B950-4D8263CA0A2D}.Debug|Any CPU.Build.0 = Debug|Any CPU
		{FA322A14-2B8E-4496-B950-4D8263CA0A2D}.Debug|iPhone.ActiveCfg = Debug|Any CPU
		{FA322A14-2B8E-4496-B950-4D8263CA0A2D}.Debug|iPhoneSimulator.ActiveCfg = Debug|Any CPU
		{FA322A14-2B8E-4496-B950-4D8263CA0A2D}.Release|Any CPU.ActiveCfg = Release|Any CPU
		{FA322A14-2B8E-4496-B950-4D8263CA0A2D}.Release|Any CPU.Build.0 = Release|Any CPU
		{FA322A14-2B8E-4496-B950-4D8263CA0A2D}.Release|iPhone.ActiveCfg = Release|Any CPU
		{FA322A14-2B8E-4496-B950-4D8263CA0A2D}.Release|iPhoneSimulator.ActiveCfg = Release|Any CPU
	EndGlobalSection
	GlobalSection(NestedProjects) = preSolution
	EndGlobalSection
	GlobalSection(MonoDevelopProperties) = preSolution
		StartupItem = FoodTruckiOS\FoodTruckiOS.csproj
	EndGlobalSection
EndGlobal
